
Microsoft Visual Studio Solution File, Format Version 12.00
# Visual Studio Version 18
VisualStudioVersion = 18.5.11723.231
MinimumVisualStudioVersion = 10.0.40219.1
Project("{FAE04EC0-301F-11D3-BF4B-00C04F79EFBC}") = "ProductCatalog", "ProductCatalog\ProductCatalog.csproj", "{C1E9FD6D-0FAA-4497-BD82-8F4B05159C49}"
EndProject
Project("{E24C65DC-7377-472B-9ABA-BC803B73C61A}") = "product-catalog-angular", "product-catalog-angular\", "{A21A3E08-BFFC-3874-B517-97B4E39BB706}"
	ProjectSection(WebsiteProperties) = preProject
		TargetFrameworkMoniker = ".NETFramework,Version%3Dv4.8"
		Debug.AspNetCompiler.VirtualPath = "/localhost_8915"
		Debug.AspNetCompiler.PhysicalPath = "product-catalog-angular\"
		Debug.AspNetCompiler.TargetPath = "PrecompiledWeb\localhost_8915\"
		Debug.AspNetCompiler.Updateable = "true"
		Debug.AspNetCompiler.ForceOverwrite = "true"
		Debug.AspNetCompiler.FixedNames = "false"
		Debug.AspNetCompiler.Debug = "True"
		Release.AspNetCompiler.VirtualPath = "/localhost_8915"
		Release.AspNetCompiler.PhysicalPath = "product-catalog-angular\"
		Release.AspNetCompiler.TargetPath = "PrecompiledWeb\localhost_8915\"
		Release.AspNetCompiler.Updateable = "true"
		Release.AspNetCompiler.ForceOverwrite = "true"
		Release.AspNetCompiler.FixedNames = "false"
		Release.AspNetCompiler.Debug = "False"
		VWDPort = "8915"
		SlnRelativePath = "product-catalog-angular\"
	EndProjectSection
EndProject
Project("{FAE04EC0-301F-11D3-BF4B-00C04F79EFBC}") = "ProductCatalog.Tests", "ProductCatalog.Tests\ProductCatalog.Tests.csproj", "{9F4B9D7C-1C57-B201-F1BB-3EAA67B5EE68}"
EndProject
Global
	GlobalSection(SolutionConfigurationPlatforms) = preSolution
		Debug|Any CPU = Debug|Any CPU
		Release|Any CPU = Release|Any CPU
	EndGlobalSection
	GlobalSection(ProjectConfigurationPlatforms) = postSolution
		{C1E9FD6D-0FAA-4497-BD82-8F4B05159C49}.Debug|Any CPU.ActiveCfg = Debug|Any CPU
		{C1E9FD6D-0FAA-4497-BD82-8F4B05159C49}.Debug|Any CPU.Build.0 = Debug|Any CPU
		{C1E9FD6D-0FAA-4497-BD82-8F4B05159C49}.Release|Any CPU.ActiveCfg = Release|Any CPU
		{C1E9FD6D-0FAA-4497-BD82-8F4B05159C49}.Release|Any CPU.Build.0 = Release|Any CPU
		{A21A3E08-BFFC-3874-B517-97B4E39BB706}.Debug|Any CPU.ActiveCfg = Debug|Any CPU
		{A21A3E08-BFFC-3874-B517-97B4E39BB706}.Debug|Any CPU.Build.0 = Debug|Any CPU
		{A21A3E08-BFFC-3874-B517-97B4E39BB706}.Release|Any CPU.ActiveCfg = Debug|Any CPU
		{A21A3E08-BFFC-3874-B517-97B4E39BB706}.Release|Any CPU.Build.0 = Debug|Any CPU
		{9F4B9D7C-1C57-B201-F1BB-3EAA67B5EE68}.Debug|Any CPU.ActiveCfg = Debug|Any CPU
		{9F4B9D7C-1C57-B201-F1BB-3EAA67B5EE68}.Debug|Any CPU.Build.0 = Debug|Any CPU
		{9F4B9D7C-1C57-B201-F1BB-3EAA67B5EE68}.Release|Any CPU.ActiveCfg = Release|Any CPU
		{9F4B9D7C-1C57-B201-F1BB-3EAA67B5EE68}.Release|Any CPU.Build.0 = Release|Any CPU
	EndGlobalSection
	GlobalSection(SolutionProperties) = preSolution
		HideSolutionNode = FALSE
	EndGlobalSection
	GlobalSection(ExtensibilityGlobals) = postSolution
		SolutionGuid = {F6DA7EBF-C489-4AF4-B364-6AD1B40019E6}
	EndGlobalSection
EndGlobal
